{
  "name": "@b1tsteller/taggy",
  "version": "1.0.0",
  "lockfileVersion": 2,
  "requires": true,
  "packages": {
    "": {
      "name": "@b1tsteller/taggy",
      "version": "1.0.0",
      "license": "MIT",
      "dependencies": {
        "wink-tokenizer": "^5.3.0"
      },
      "devDependencies": {
        "@types/node": "^18.7.18",
        "@types/normalize-for-search": "^2.1.0",
        "@types/wink-tokenizer": "^4.0.3",
        "normalize-for-search": "^2.1.0",
        "stopwords-iso": "^1.1.0"
      }
    },
    "node_modules/@types/node": {
      "version": "18.7.18",
      "resolved": "https://registry.npmjs.org/@types/node/-/node-18.7.18.tgz",
      "integrity": "sha512-m+6nTEOadJZuTPkKR/SYK3A2d7FZrgElol9UP1Kae90VVU4a6mxnPuLiIW1m4Cq4gZ/nWb9GrdVXJCoCazDAbg==",
      "dev": true
    },
    "node_modules/@types/normalize-for-search": {
      "version": "2.1.0",
      "resolved": "https://registry.npmjs.org/@types/normalize-for-search/-/normalize-for-search-2.1.0.tgz",
      "integrity": "sha512-FCtwm1A29kneeKo6xZCh6YMsbbqKiRpeh1PnjTEa6/34p/Dj9hYA/J1fJ9bWla4H+BmwIa3HeSh0uXDeypcRoA==",
      "dev": true
    },
    "node_modules/@types/wink-tokenizer": {
      "version": "4.0.3",
      "resolved": "https://registry.npmjs.org/@types/wink-tokenizer/-/wink-tokenizer-4.0.3.tgz",
      "integrity": "sha512-GvScwtp6bpVtq9AmSCFr+xu9EJhw436lNQAIecBpkrWVjR7OImJIHJjdznBeJDe5AmusdUbH16cToV9013QQmA==",
      "dev": true
    },
    "node_modules/emoji-regex": {
      "version": "9.2.2",
      "resolved": "https://registry.npmjs.org/emoji-regex/-/emoji-regex-9.2.2.tgz",
      "integrity": "sha512-L18DaJsXSUk2+42pv8mLs5jJT2hqFkFE4j21wOmgbUqsZ2hL72NsUU785g9RXgo3s0ZNgVl42TiHp3ZtOv/Vyg=="
    },
    "node_modules/normalize-for-search": {
      "version": "2.1.0",
      "resolved": "https://registry.npmjs.org/normalize-for-search/-/normalize-for-search-2.1.0.tgz",
      "integrity": "sha512-SL9xv8eEXXQfj7wo4aq/QjgCLzcKSLYAoVcRyaxJPZJkiIlGX579TiuoLWrFSkG6MZfesJ9fRpYcdpYKwckZUw==",
      "dev": true
    },
    "node_modules/stopwords-iso": {
      "version": "1.1.0",
      "resolved": "https://registry.npmjs.org/stopwords-iso/-/stopwords-iso-1.1.0.tgz",
      "integrity": "sha512-I6GPS/E0zyieHehMRPQcqkiBMJKGgLta+1hREixhoLPqEA0AlVFiC43dl8uPpmkkeRdDMzYRWFWk5/l9x7nmNg==",
      "dev": true,
      "engines": {
        "node": ">=0.10.0"
      }
    },
    "node_modules/wink-tokenizer": {
      "version": "5.3.0",
      "resolved": "https://registry.npmjs.org/wink-tokenizer/-/wink-tokenizer-5.3.0.tgz",
      "integrity": "sha512-O/yAw0g3FmSgeeQuYAJJfP7fVPB4A6ay0018qASh79aWmIOyPYy4j4r9EQT8xBjicja6lCLvgRVAybmEBaATQA==",
      "dependencies": {
        "emoji-regex": "^9.0.0"
      }
    }
  },
  "dependencies": {
    "@types/node": {
      "version": "18.7.18",
      "resolved": "https://registry.npmjs.org/@types/node/-/node-18.7.18.tgz",
      "integrity": "sha512-m+6nTEOadJZuTPkKR/SYK3A2d7FZrgElol9UP1Kae90VVU4a6mxnPuLiIW1m4Cq4gZ/nWb9GrdVXJCoCazDAbg==",
      "dev": true
    },
    "@types/normalize-for-search": {
      "version": "2.1.0",
      "resolved": "https://registry.npmjs.org/@types/normalize-for-search/-/normalize-for-search-2.1.0.tgz",
      "integrity": "sha512-FCtwm1A29kneeKo6xZCh6YMsbbqKiRpeh1PnjTEa6/34p/Dj9hYA/J1fJ9bWla4H+BmwIa3HeSh0uXDeypcRoA==",
      "dev": true
    },
    "@types/wink-tokenizer": {
      "version": "4.0.3",
      "resolved": "https://registry.npmjs.org/@types/wink-tokenizer/-/wink-tokenizer-4.0.3.tgz",
      "integrity": "sha512-GvScwtp6bpVtq9AmSCFr+xu9EJhw436lNQAIecBpkrWVjR7OImJIHJjdznBeJDe5AmusdUbH16cToV9013QQmA==",
      "dev": true
    },
    "emoji-regex": {
      "version": "9.2.2",
      "resolved": "https://registry.npmjs.org/emoji-regex/-/emoji-regex-9.2.2.tgz",
      "integrity": "sha512-L18DaJsXSUk2+42pv8mLs5jJT2hqFkFE4j21wOmgbUqsZ2hL72NsUU785g9RXgo3s0ZNgVl42TiHp3ZtOv/Vyg=="
    },
    "normalize-for-search": {
      "version": "2.1.0",
      "resolved": "https://registry.npmjs.org/normalize-for-search/-/normalize-for-search-2.1.0.tgz",
      "integrity": "sha512-SL9xv8eEXXQfj7wo4aq/QjgCLzcKSLYAoVcRyaxJPZJkiIlGX579TiuoLWrFSkG6MZfesJ9fRpYcdpYKwckZUw==",
      "dev": true
    },
    "stopwords-iso": {
      "version": "1.1.0",
      "resolved": "https://registry.npmjs.org/stopwords-iso/-/stopwords-iso-1.1.0.tgz",
      "integrity": "sha512-I6GPS/E0zyieHehMRPQcqkiBMJKGgLta+1hREixhoLPqEA0AlVFiC43dl8uPpmkkeRdDMzYRWFWk5/l9x7nmNg==",
      "dev": true
    },
    "wink-tokenizer": {
      "version": "5.3.0",
      "resolved": "https://registry.npmjs.org/wink-tokenizer/-/wink-tokenizer-5.3.0.tgz",
      "integrity": "sha512-O/yAw0g3FmSgeeQuYAJJfP7fVPB4A6ay0018qASh79aWmIOyPYy4j4r9EQT8xBjicja6lCLvgRVAybmEBaATQA==",
      "requires": {
        "emoji-regex": "^9.0.0"
      }
    }
  }
}
