{
  "name": "taggy-cli",
  "lockfileVersion": 2,
  "requires": true,
  "packages": {
    "": {
      "dependencies": {
        "@b1tsteller/taggy": "file:../taggy",
        "@clipperhouse/jargon": "^0.2.0"
      },
      "devDependencies": {
        "typescript": "^4.8.3"
      }
    },
    "../taggy": {
      "name": "@b1tsteller/taggy",
      "version": "1.0.0",
      "license": "MIT",
      "dependencies": {
        "wink-tokenizer": "^5.3.0"
      },
      "devDependencies": {
        "@types/node": "^18.7.18",
        "@types/normalize-for-search": "^2.1.0",
        "@types/wink-tokenizer": "^4.0.3",
        "normalize-for-search": "^2.1.0",
        "stopwords-iso": "^1.1.0"
      }
    },
    "node_modules/@b1tsteller/taggy": {
      "resolved": "../taggy",
      "link": true
    },
    "node_modules/@clipperhouse/jargon": {
      "version": "0.2.0",
      "resolved": "https://registry.npmjs.org/@clipperhouse/jargon/-/jargon-0.2.0.tgz",
      "integrity": "sha512-SFGh6aNzkTjMAIYZYQ8/X83eDcaJeM1p4qJYaxVgFMHnB4a/Agnn+vzkkoAi23R3WhPn9ITtIQieJ1ZlRb27Ww=="
    },
    "node_modules/typescript": {
      "version": "4.8.3",
      "resolved": "https://registry.npmjs.org/typescript/-/typescript-4.8.3.tgz",
      "integrity": "sha512-goMHfm00nWPa8UvR/CPSvykqf6dVV8x/dp0c5mFTMTIu0u0FlGWRioyy7Nn0PGAdHxpJZnuO/ut+PpQ8UiHAig==",
      "dev": true,
      "bin": {
        "tsc": "bin/tsc",
        "tsserver": "bin/tsserver"
      },
      "engines": {
        "node": ">=4.2.0"
      }
    }
  },
  "dependencies": {
    "@b1tsteller/taggy": {
      "version": "file:../taggy",
      "requires": {
        "@types/node": "^18.7.18",
        "@types/normalize-for-search": "^2.1.0",
        "@types/wink-tokenizer": "^4.0.3",
        "normalize-for-search": "^2.1.0",
        "stopwords-iso": "^1.1.0",
        "wink-tokenizer": "^5.3.0"
      }
    },
    "@clipperhouse/jargon": {
      "version": "0.2.0",
      "resolved": "https://registry.npmjs.org/@clipperhouse/jargon/-/jargon-0.2.0.tgz",
      "integrity": "sha512-SFGh6aNzkTjMAIYZYQ8/X83eDcaJeM1p4qJYaxVgFMHnB4a/Agnn+vzkkoAi23R3WhPn9ITtIQieJ1ZlRb27Ww=="
    },
    "typescript": {
      "version": "4.8.3",
      "resolved": "https://registry.npmjs.org/typescript/-/typescript-4.8.3.tgz",
      "integrity": "sha512-goMHfm00nWPa8UvR/CPSvykqf6dVV8x/dp0c5mFTMTIu0u0FlGWRioyy7Nn0PGAdHxpJZnuO/ut+PpQ8UiHAig==",
      "dev": true
    }
  }
}
